
Microsoft Visual Studio Solution File, Format Version 12.00
# Visual Studio Version 17
VisualStudioVersion = 17.3.32804.467
MinimumVisualStudioVersion = 10.0.40219.1
Project("{8BC9CEB8-8B4A-11D0-8D11-00A0C91BC942}") = "MO2IL", "Main\MO2IL.vcxproj", "{C2864DF9-758D-34D9-A6D2-E91CFC2B25D7}"
	ProjectSection(ProjectDependencies) = postProject
		{0FD1B893-5061-3C3B-8E4F-DEDFC46B092C} = {0FD1B893-5061-3C3B-8E4F-DEDFC46B092C}
		{35F344B5-2694-355D-9D0F-66E7C5C405EA} = {35F344B5-2694-355D-9D0F-66E7C5C405EA}
		{7F1D449F-EF4E-3935-9B8F-77864FF2B681} = {7F1D449F-EF4E-3935-9B8F-77864FF2B681}
		{9F9AC5FD-5776-30FE-8E91-7AC0ACBC82F7} = {9F9AC5FD-5776-30FE-8E91-7AC0ACBC82F7}
		{A7487599-1908-3BE0-B414-F2E0D6A90FD7} = {A7487599-1908-3BE0-B414-F2E0D6A90FD7}
	EndProjectSection
EndProject
Project("{8BC9CEB8-8B4A-11D0-8D11-00A0C91BC942}") = "Qtlib", "Qtlib\Qtlib.vcxproj", "{35F344B5-2694-355D-9D0F-66E7C5C405EA}"
EndProject
Project("{8BC9CEB8-8B4A-11D0-8D11-00A0C91BC942}") = "teslib", "teslib\teslib.vcxproj", "{9F9AC5FD-5776-30FE-8E91-7AC0ACBC82F7}"
EndProject
Project("{8BC9CEB8-8B4A-11D0-8D11-00A0C91BC942}") = "ui_settings", "ui_settings\ui_settings.vcxproj", "{7F1D449F-EF4E-3935-9B8F-77864FF2B681}"
EndProject
Project("{8BC9CEB8-8B4A-11D0-8D11-00A0C91BC942}") = "ui_mo2", "ui_mo2\ui_mo2.vcxproj", "{A7487599-1908-3BE0-B414-F2E0D6A90FD7}"
EndProject
Project("{8BC9CEB8-8B4A-11D0-8D11-00A0C91BC942}") = "zlib", "zlib\zlib.vcxproj", "{0FD1B893-5061-3C3B-8E4F-DEDFC46B092C}"
EndProject
Global
	GlobalSection(SolutionConfigurationPlatforms) = preSolution
		Debug|x64 = Debug|x64
		Release|x64 = Release|x64
	EndGlobalSection
	GlobalSection(ProjectConfigurationPlatforms) = postSolution
		{C2864DF9-758D-34D9-A6D2-E91CFC2B25D7}.Debug|x64.ActiveCfg = Debug|x64
		{C2864DF9-758D-34D9-A6D2-E91CFC2B25D7}.Debug|x64.Build.0 = Debug|x64
		{C2864DF9-758D-34D9-A6D2-E91CFC2B25D7}.Release|x64.ActiveCfg = Release|x64
		{C2864DF9-758D-34D9-A6D2-E91CFC2B25D7}.Release|x64.Build.0 = Release|x64
		{35F344B5-2694-355D-9D0F-66E7C5C405EA}.Debug|x64.ActiveCfg = Debug|x64
		{35F344B5-2694-355D-9D0F-66E7C5C405EA}.Debug|x64.Build.0 = Debug|x64
		{35F344B5-2694-355D-9D0F-66E7C5C405EA}.Release|x64.ActiveCfg = Release|x64
		{35F344B5-2694-355D-9D0F-66E7C5C405EA}.Release|x64.Build.0 = Release|x64
		{9F9AC5FD-5776-30FE-8E91-7AC0ACBC82F7}.Debug|x64.ActiveCfg = Debug|x64
		{9F9AC5FD-5776-30FE-8E91-7AC0ACBC82F7}.Debug|x64.Build.0 = Debug|x64
		{9F9AC5FD-5776-30FE-8E91-7AC0ACBC82F7}.Release|x64.ActiveCfg = Release|x64
		{9F9AC5FD-5776-30FE-8E91-7AC0ACBC82F7}.Release|x64.Build.0 = Release|x64
		{7F1D449F-EF4E-3935-9B8F-77864FF2B681}.Debug|x64.ActiveCfg = Debug|x64
		{7F1D449F-EF4E-3935-9B8F-77864FF2B681}.Debug|x64.Build.0 = Debug|x64
		{7F1D449F-EF4E-3935-9B8F-77864FF2B681}.Release|x64.ActiveCfg = Release|x64
		{7F1D449F-EF4E-3935-9B8F-77864FF2B681}.Release|x64.Build.0 = Release|x64
		{A7487599-1908-3BE0-B414-F2E0D6A90FD7}.Debug|x64.ActiveCfg = Debug|x64
		{A7487599-1908-3BE0-B414-F2E0D6A90FD7}.Debug|x64.Build.0 = Debug|x64
		{A7487599-1908-3BE0-B414-F2E0D6A90FD7}.Release|x64.ActiveCfg = Release|x64
		{A7487599-1908-3BE0-B414-F2E0D6A90FD7}.Release|x64.Build.0 = Release|x64
		{0FD1B893-5061-3C3B-8E4F-DEDFC46B092C}.Debug|x64.ActiveCfg = Debug|x64
		{0FD1B893-5061-3C3B-8E4F-DEDFC46B092C}.Debug|x64.Build.0 = Debug|x64
		{0FD1B893-5061-3C3B-8E4F-DEDFC46B092C}.Release|x64.ActiveCfg = Release|x64
		{0FD1B893-5061-3C3B-8E4F-DEDFC46B092C}.Release|x64.Build.0 = Release|x64
	EndGlobalSection
	GlobalSection(SolutionProperties) = preSolution
		HideSolutionNode = FALSE
	EndGlobalSection
	GlobalSection(ExtensibilityGlobals) = postSolution
		SolutionGuid = {01A63450-0FA1-4506-8F9E-E6ED231916B3}
	EndGlobalSection
EndGlobal
