<?xml version="1.0" encoding="utf-8"?>
<Project xmlns="http://schemas.microsoft.com/developer/msbuild/2003">
  <ItemGroup>
    <Filter Include="Form Files">
      <UniqueIdentifier>{99349809-55BA-4b9d-BF79-8FDBB0286EB3}</UniqueIdentifier>
      <Extensions>ui</Extensions>
      <ParseFiles>false</ParseFiles>
    </Filter>
    <Filter Include="Form Files">
      <UniqueIdentifier>{99349809-55BA-4b9d-BF79-8FDBB0286EB3}</UniqueIdentifier>
      <Extensions>ui</Extensions>
      <ParseFiles>false</ParseFiles>
    </Filter>
    <Filter Include="Generated Files">
      <UniqueIdentifier>{71ED8ED8-ACB9-4CE9-BBE1-E00B30144E11}</UniqueIdentifier>
      <Extensions>cpp;c;cxx;moc;h;def;odl;idl;res;</Extensions>
    </Filter>
    <Filter Include="Generated Files">
      <UniqueIdentifier>{71ED8ED8-ACB9-4CE9-BBE1-E00B30144E11}</UniqueIdentifier>
      <Extensions>cpp;c;cxx;moc;h;def;odl;idl;res;</Extensions>
    </Filter>
    <Filter Include="Header Files">
      <UniqueIdentifier>{93995380-89BD-4b04-88EB-625FBE52EBFB}</UniqueIdentifier>
      <Extensions>h;hpp;hxx;hm;inl;inc;xsd</Extensions>
    </Filter>
    <Filter Include="Header Files">
      <UniqueIdentifier>{93995380-89BD-4b04-88EB-625FBE52EBFB}</UniqueIdentifier>
      <Extensions>h;hpp;hxx;hm;inl;inc;xsd</Extensions>
    </Filter>
    <Filter Include="Resource Files">
      <UniqueIdentifier>{D9D6E242-F8AF-46E4-B9FD-80ECBC20BA3E}</UniqueIdentifier>
      <Extensions>qrc;*</Extensions>
      <ParseFiles>false</ParseFiles>
    </Filter>
    <Filter Include="Resource Files">
      <UniqueIdentifier>{D9D6E242-F8AF-46E4-B9FD-80ECBC20BA3E}</UniqueIdentifier>
      <Extensions>qrc;*</Extensions>
      <ParseFiles>false</ParseFiles>
    </Filter>
    <Filter Include="Source Files">
      <UniqueIdentifier>{4FC737F1-C7A5-4376-A066-2A32D752A2FF}</UniqueIdentifier>
      <Extensions>cpp;c;cxx;def;odl;idl;hpj;bat;asm;asmx</Extensions>
    </Filter>
    <Filter Include="Source Files">
      <UniqueIdentifier>{4FC737F1-C7A5-4376-A066-2A32D752A2FF}</UniqueIdentifier>
      <Extensions>cpp;c;cxx;def;odl;idl;hpj;bat;asm;asmx</Extensions>
    </Filter>
  </ItemGroup>
  <ItemGroup>
    <ClCompile Include="src\ActionFile.cpp">
      <Filter>Source Files</Filter>
    </ClCompile>
    <ClCompile Include="src\ActionFolder.cpp">
      <Filter>Source Files</Filter>
    </ClCompile>
    <ClCompile Include="src\App.cpp">
      <Filter>Source Files</Filter>
    </ClCompile>
    <ClCompile Include="src\Config.cpp">
      <Filter>Source Files</Filter>
    </ClCompile>
    <ClCompile Include="src\ContextMenu.cpp">
      <Filter>Source Files</Filter>
    </ClCompile>
    <ClCompile Include="src\FojpUtility.cpp">
      <Filter>Source Files</Filter>
    </ClCompile>
    <ClCompile Include="src\HLogView.cpp">
      <Filter>Source Files</Filter>
    </ClCompile>
    <ClCompile Include="src\ItemFile.cpp">
      <Filter>Source Files</Filter>
    </ClCompile>
    <ClCompile Include="src\ItemFolder.cpp">
      <Filter>Source Files</Filter>
    </ClCompile>
    <ClCompile Include="src\ItemMO2View.cpp">
      <Filter>Source Files</Filter>
    </ClCompile>
    <ClCompile Include="src\ItemModFile.cpp">
      <Filter>Source Files</Filter>
    </ClCompile>
    <ClCompile Include="src\ui\UIMainSearch.cpp">
      <Filter>Source Files</Filter>
    </ClCompile>
    <ClCompile Include="src\ui\UIMainWindow.cpp">
      <Filter>Source Files</Filter>
    </ClCompile>
    <ClCompile Include="src\ui\UIModFileView.cpp">
      <Filter>Source Files</Filter>
    </ClCompile>
    <ClCompile Include="src\ui\UIModListView.cpp">
      <Filter>Source Files</Filter>
    </ClCompile>
    <ClCompile Include="src\ui\UIOverrideCheck.cpp">
      <Filter>Source Files</Filter>
    </ClCompile>
    <ClCompile Include="src\ui\UIPanelInfo.cpp">
      <Filter>Source Files</Filter>
    </ClCompile>
    <ClCompile Include="src\ui\UIToolBar.cpp">
      <Filter>Source Files</Filter>
    </ClCompile>
    <ClCompile Include="src\ui\UITranslator.cpp">
      <Filter>Source Files</Filter>
    </ClCompile>
    <ClCompile Include="src\steam.cpp">
      <Filter>Source Files</Filter>
    </ClCompile>
    <ClCompile Include="src\utils.cpp">
      <Filter>Source Files</Filter>
    </ClCompile>
  </ItemGroup>
  <ItemGroup>
    <ClInclude Include="src\ActionFile.h">
      <Filter>Header Files</Filter>
    </ClInclude>
    <ClInclude Include="src\ActionFolder.h">
      <Filter>Header Files</Filter>
    </ClInclude>
    <QtMoc Include="src\App.h">
      <Filter>Header Files</Filter>
    </QtMoc>
    <QtMoc Include="src\Config.h">
      <Filter>Header Files</Filter>
    </QtMoc>
    <ClInclude Include="src\ContextMenu.h">
      <Filter>Header Files</Filter>
    </ClInclude>
    <ClInclude Include="src\Enums.h">
      <Filter>Header Files</Filter>
    </ClInclude>
    <QtMoc Include="src\FojpUtility.h">
      <Filter>Header Files</Filter>
    </QtMoc>
    <QtMoc Include="src\HLogView.h">
      <Filter>Header Files</Filter>
    </QtMoc>
    <ClInclude Include="src\ItemFile.h">
      <Filter>Header Files</Filter>
    </ClInclude>
    <ClInclude Include="src\ItemFolder.h">
      <Filter>Header Files</Filter>
    </ClInclude>
    <ClInclude Include="src\ItemMO2View.h">
      <Filter>Header Files</Filter>
    </ClInclude>
    <ClInclude Include="src\ItemModFile.h">
      <Filter>Header Files</Filter>
    </ClInclude>
    <QtMoc Include="src\ui\UIMainSearch.h">
      <Filter>Header Files</Filter>
    </QtMoc>
    <QtMoc Include="src\ui\UIMainWindow.h">
      <Filter>Header Files</Filter>
    </QtMoc>
    <QtMoc Include="src\ui\UIModFileView.h">
      <Filter>Header Files</Filter>
    </QtMoc>
    <QtMoc Include="src\ui\UIModListView.h">
      <Filter>Header Files</Filter>
    </QtMoc>
    <QtMoc Include="src\ui\UIOverrideCheck.h">
      <Filter>Header Files</Filter>
    </QtMoc>
    <QtMoc Include="src\ui\UIPanelInfo.h">
      <Filter>Header Files</Filter>
    </QtMoc>
    <QtMoc Include="src\ui\UIToolBar.h">
      <Filter>Header Files</Filter>
    </QtMoc>
    <QtMoc Include="src\ui\UITranslator.h">
      <Filter>Header Files</Filter>
    </QtMoc>
    <CustomBuild Include="src\pch.h">
      <Filter>Header Files</Filter>
    </CustomBuild>
    <ClInclude Include="src\steam.h">
      <Filter>Header Files</Filter>
    </ClInclude>
    <ClInclude Include="src\utils.h">
      <Filter>Header Files</Filter>
    </ClInclude>
  </ItemGroup>
  <ItemGroup>
    <CustomBuild Include="debug\moc_predefs.h.cbt">
      <Filter>Generated Files</Filter>
    </CustomBuild>
    <CustomBuild Include="release\moc_predefs.h.cbt">
      <Filter>Generated Files</Filter>
    </CustomBuild>
    <ClCompile Include="src\pch.h.cpp">
      <Filter>Generated Files</Filter>
    </ClCompile>
  </ItemGroup>
  <ItemGroup>
    <QtUic Include="src\ui\UIMainSearch.ui">
      <Filter>Form Files</Filter>
    </QtUic>
    <QtUic Include="src\ui\UIMainWindow.ui">
      <Filter>Form Files</Filter>
    </QtUic>
    <QtUic Include="src\ui\UIModFileView.ui">
      <Filter>Form Files</Filter>
    </QtUic>
    <QtUic Include="src\ui\UIModListView.ui">
      <Filter>Form Files</Filter>
    </QtUic>
    <QtUic Include="src\ui\UIOverrideCheck.ui">
      <Filter>Form Files</Filter>
    </QtUic>
    <QtUic Include="src\ui\UIPanelInfo.ui">
      <Filter>Form Files</Filter>
    </QtUic>
    <QtUic Include="src\ui\UIToolBar.ui">
      <Filter>Form Files</Filter>
    </QtUic>
    <QtUic Include="src\ui\UITranslator.ui">
      <Filter>Form Files</Filter>
    </QtUic>
  </ItemGroup>
  <ItemGroup>
    <None Include="src\Fallout 4\TranslatorType.txt">
      <Filter>Resource Files</Filter>
    </None>
    <None Include="src\Fallout New Vegas\TranslatorType.txt">
      <Filter>Resource Files</Filter>
    </None>
    <None Include="src\Skyrim Special Edition\TranslatorType.txt">
      <Filter>Resource Files</Filter>
    </None>
    <None Include="src\markdown\about.md">
      <Filter>Resource Files</Filter>
    </None>
    <None Include="src\icon\editor.png">
      <Filter>Resource Files</Filter>
    </None>
    <None Include="src\icon\icon_159120_16.png">
      <Filter>Resource Files</Filter>
    </None>
    <None Include="src\icon\info.png">
      <Filter>Resource Files</Filter>
    </None>
    <None Include="src\icon\info2.png">
      <Filter>Resource Files</Filter>
    </None>
    <None Include="src\icon\internet.png">
      <Filter>Resource Files</Filter>
    </None>
    <None Include="src\icon\localize.png">
      <Filter>Resource Files</Filter>
    </None>
    <None Include="src\icon\minus.png">
      <Filter>Resource Files</Filter>
    </None>
    <None Include="src\icon\play_store_256.ico">
      <Filter>Resource Files</Filter>
    </None>
    <None Include="src\icon\plus.png">
      <Filter>Resource Files</Filter>
    </None>
    <None Include="src\icon\reload.png">
      <Filter>Resource Files</Filter>
    </None>
    <QtRcc Include="src\res.qrc">
      <Filter>Resource Files</Filter>
    </QtRcc>
    <None Include="src\icon\run.png">
      <Filter>Resource Files</Filter>
    </None>
    <None Include="src\icon\settings.png">
      <Filter>Resource Files</Filter>
    </None>
    <None Include="src\icon\settings2.png">
      <Filter>Resource Files</Filter>
    </None>
    <None Include="src\style.qss">
      <Filter>Resource Files</Filter>
    </None>
  </ItemGroup>
  <ItemGroup>
    <ResourceCompile Include=".\MO2IL_resource.rc" />
  </ItemGroup>
</Project>