<?xml version="1.0" encoding="utf-8"?>
<Project xmlns="http://schemas.microsoft.com/developer/msbuild/2003">
  <ItemGroup>
    <Filter Include="Generated Files">
      <UniqueIdentifier>{71ED8ED8-ACB9-4CE9-BBE1-E00B30144E11}</UniqueIdentifier>
      <Extensions>cpp;c;cxx;moc;h;def;odl;idl;res;</Extensions>
    </Filter>
    <Filter Include="Generated Files">
      <UniqueIdentifier>{71ED8ED8-ACB9-4CE9-BBE1-E00B30144E11}</UniqueIdentifier>
      <Extensions>cpp;c;cxx;moc;h;def;odl;idl;res;</Extensions>
    </Filter>
    <Filter Include="Header Files">
      <UniqueIdentifier>{93995380-89BD-4b04-88EB-625FBE52EBFB}</UniqueIdentifier>
      <Extensions>h;hpp;hxx;hm;inl;inc;xsd</Extensions>
    </Filter>
    <Filter Include="Header Files">
      <UniqueIdentifier>{93995380-89BD-4b04-88EB-625FBE52EBFB}</UniqueIdentifier>
      <Extensions>h;hpp;hxx;hm;inl;inc;xsd</Extensions>
    </Filter>
    <Filter Include="Source Files">
      <UniqueIdentifier>{4FC737F1-C7A5-4376-A066-2A32D752A2FF}</UniqueIdentifier>
      <Extensions>cpp;c;cxx;def;odl;idl;hpj;bat;asm;asmx</Extensions>
    </Filter>
    <Filter Include="Source Files">
      <UniqueIdentifier>{4FC737F1-C7A5-4376-A066-2A32D752A2FF}</UniqueIdentifier>
      <Extensions>cpp;c;cxx;def;odl;idl;hpj;bat;asm;asmx</Extensions>
    </Filter>
  </ItemGroup>
  <ItemGroup>
    <ClCompile Include="src\TES.cpp">
      <Filter>Source Files</Filter>
    </ClCompile>
    <ClCompile Include="src\TESField.cpp">
      <Filter>Source Files</Filter>
    </ClCompile>
    <ClCompile Include="src\TESFieldReader.cpp">
      <Filter>Source Files</Filter>
    </ClCompile>
    <ClCompile Include="src\TESFile.cpp">
      <Filter>Source Files</Filter>
    </ClCompile>
    <ClCompile Include="src\TESForm.cpp">
      <Filter>Source Files</Filter>
    </ClCompile>
    <ClCompile Include="src\TESFormAllocator.cpp">
      <Filter>Source Files</Filter>
    </ClCompile>
    <ClCompile Include="src\TESGroup.cpp">
      <Filter>Source Files</Filter>
    </ClCompile>
    <ClCompile Include="src\TESGroupNode.cpp">
      <Filter>Source Files</Filter>
    </ClCompile>
    <ClCompile Include="src\TESRecord.cpp">
      <Filter>Source Files</Filter>
    </ClCompile>
    <ClCompile Include="src\TESRecordTES4.cpp">
      <Filter>Source Files</Filter>
    </ClCompile>
    <ClCompile Include="src\TESStringTable.cpp">
      <Filter>Source Files</Filter>
    </ClCompile>
    <ClCompile Include="src\TESStrings.cpp">
      <Filter>Source Files</Filter>
    </ClCompile>
    <ClCompile Include="src\TESSystem.cpp">
      <Filter>Source Files</Filter>
    </ClCompile>
    <ClCompile Include="src\TESType.cpp">
      <Filter>Source Files</Filter>
    </ClCompile>
    <ClCompile Include="src\VFileSys.cpp">
      <Filter>Source Files</Filter>
    </ClCompile>
  </ItemGroup>
  <ItemGroup>
    <ClInclude Include="src\generate_signature.h">
      <Filter>Source Files</Filter>
    </ClInclude>
    <ClInclude Include="src\TES.h">
      <Filter>Source Files</Filter>
    </ClInclude>
    <ClInclude Include="src\TESField.h">
      <Filter>Source Files</Filter>
    </ClInclude>
    <ClInclude Include="src\TESFieldReader.h">
      <Filter>Source Files</Filter>
    </ClInclude>
    <ClInclude Include="src\TESForm.h">
      <Filter>Source Files</Filter>
    </ClInclude>
    <ClInclude Include="src\TESFormAllocator.h">
      <Filter>Source Files</Filter>
    </ClInclude>
    <ClInclude Include="src\TESGroup.h">
      <Filter>Source Files</Filter>
    </ClInclude>
    <ClInclude Include="src\TESGroupNode.h">
      <Filter>Source Files</Filter>
    </ClInclude>
    <ClInclude Include="src\TESRecord.h">
      <Filter>Source Files</Filter>
    </ClInclude>
    <ClInclude Include="src\TESRecordTES4.h">
      <Filter>Source Files</Filter>
    </ClInclude>
    <ClInclude Include="src\TESSignature.h">
      <Filter>Source Files</Filter>
    </ClInclude>
    <ClInclude Include="src\TESStrings.h">
      <Filter>Source Files</Filter>
    </ClInclude>
    <ClInclude Include="src\TESStringTable.h">
      <Filter>Source Files</Filter>
    </ClInclude>
    <ClInclude Include="src\TESSystem.h">
      <Filter>Source Files</Filter>
    </ClInclude>
    <ClInclude Include="src\TESType.h">
      <Filter>Source Files</Filter>
    </ClInclude>
  </ItemGroup>
  <ItemGroup>
    <CustomBuild Include="debug\moc_predefs.h.cbt">
      <Filter>Generated Files</Filter>
    </CustomBuild>
    <CustomBuild Include="release\moc_predefs.h.cbt">
      <Filter>Generated Files</Filter>
    </CustomBuild>
  </ItemGroup>
  <ItemGroup>
    <QtMoc Include="src\VFileSys.h">
      <Filter>Source Files</Filter>
    </QtMoc>
    <QtMoc Include="src\TESFile.h">
      <Filter>Source Files</Filter>
    </QtMoc>
  </ItemGroup>
</Project>