<?xml version="1.0" encoding="utf-8"?>
<Project xmlns="http://schemas.microsoft.com/developer/msbuild/2003">
  <ItemGroup>
    <Filter Include="Form Files">
      <UniqueIdentifier>{99349809-55BA-4b9d-BF79-8FDBB0286EB3}</UniqueIdentifier>
      <Extensions>ui</Extensions>
      <ParseFiles>false</ParseFiles>
    </Filter>
    <Filter Include="Form Files">
      <UniqueIdentifier>{99349809-55BA-4b9d-BF79-8FDBB0286EB3}</UniqueIdentifier>
      <Extensions>ui</Extensions>
      <ParseFiles>false</ParseFiles>
    </Filter>
    <Filter Include="Generated Files">
      <UniqueIdentifier>{71ED8ED8-ACB9-4CE9-BBE1-E00B30144E11}</UniqueIdentifier>
      <Extensions>cpp;c;cxx;moc;h;def;odl;idl;res;</Extensions>
    </Filter>
    <Filter Include="Generated Files">
      <UniqueIdentifier>{71ED8ED8-ACB9-4CE9-BBE1-E00B30144E11}</UniqueIdentifier>
      <Extensions>cpp;c;cxx;moc;h;def;odl;idl;res;</Extensions>
    </Filter>
    <Filter Include="Header Files">
      <UniqueIdentifier>{93995380-89BD-4b04-88EB-625FBE52EBFB}</UniqueIdentifier>
      <Extensions>h;hpp;hxx;hm;inl;inc;xsd</Extensions>
    </Filter>
    <Filter Include="Header Files">
      <UniqueIdentifier>{93995380-89BD-4b04-88EB-625FBE52EBFB}</UniqueIdentifier>
      <Extensions>h;hpp;hxx;hm;inl;inc;xsd</Extensions>
    </Filter>
    <Filter Include="Resource Files">
      <UniqueIdentifier>{D9D6E242-F8AF-46E4-B9FD-80ECBC20BA3E}</UniqueIdentifier>
      <Extensions>qrc;*</Extensions>
      <ParseFiles>false</ParseFiles>
    </Filter>
    <Filter Include="Resource Files">
      <UniqueIdentifier>{D9D6E242-F8AF-46E4-B9FD-80ECBC20BA3E}</UniqueIdentifier>
      <Extensions>qrc;*</Extensions>
      <ParseFiles>false</ParseFiles>
    </Filter>
    <Filter Include="Source Files">
      <UniqueIdentifier>{4FC737F1-C7A5-4376-A066-2A32D752A2FF}</UniqueIdentifier>
      <Extensions>cpp;c;cxx;def;odl;idl;hpj;bat;asm;asmx</Extensions>
    </Filter>
    <Filter Include="Source Files">
      <UniqueIdentifier>{4FC737F1-C7A5-4376-A066-2A32D752A2FF}</UniqueIdentifier>
      <Extensions>cpp;c;cxx;def;odl;idl;hpj;bat;asm;asmx</Extensions>
    </Filter>
  </ItemGroup>
  <ItemGroup>
    <ClCompile Include="src\MO2FileTreeView.cpp">
      <Filter>Source Files</Filter>
    </ClCompile>
    <ClCompile Include="src\TreeViewBuild.cpp">
      <Filter>Source Files</Filter>
    </ClCompile>
    <ClCompile Include="src\UIMO2View.cpp">
      <Filter>Source Files</Filter>
    </ClCompile>
    <ClCompile Include="src\UIMO2ViewBuild.cpp">
      <Filter>Source Files</Filter>
    </ClCompile>
    <ClCompile Include="src\UIMO2ViewFOJP.cpp">
      <Filter>Source Files</Filter>
    </ClCompile>
    <ClCompile Include="src\UIMO2ViewFile.cpp">
      <Filter>Source Files</Filter>
    </ClCompile>
    <ClCompile Include="src\UIMO2ViewMarge.cpp">
      <Filter>Source Files</Filter>
    </ClCompile>
  </ItemGroup>
  <ItemGroup>
    <QtMoc Include="src\UIMO2View.h">
      <Filter>Source Files</Filter>
    </QtMoc>
    <QtMoc Include="src\UIMO2ViewBuild.h">
      <Filter>Source Files</Filter>
    </QtMoc>
    <QtMoc Include="src\UIMO2ViewFile.h">
      <Filter>Source Files</Filter>
    </QtMoc>
    <QtMoc Include="src\UIMO2ViewFOJP.h">
      <Filter>Source Files</Filter>
    </QtMoc>
    <QtMoc Include="src\UIMO2ViewMarge.h">
      <Filter>Source Files</Filter>
    </QtMoc>
  </ItemGroup>
  <ItemGroup>
    <CustomBuild Include="debug\moc_predefs.h.cbt">
      <Filter>Generated Files</Filter>
    </CustomBuild>
    <CustomBuild Include="release\moc_predefs.h.cbt">
      <Filter>Generated Files</Filter>
    </CustomBuild>
    <ClCompile Include="..\Main\src\pch.h.cpp">
      <Filter>Generated Files</Filter>
    </ClCompile>
    <CustomBuild Include="..\Main\src\pch.h">
      <Filter>Source Files</Filter>
    </CustomBuild>
  </ItemGroup>
  <ItemGroup>
    <QtUic Include="src\UIMO2View.ui">
      <Filter>Form Files</Filter>
    </QtUic>
    <QtUic Include="src\UIMO2ViewBuild.ui">
      <Filter>Form Files</Filter>
    </QtUic>
    <QtUic Include="src\UIMO2ViewFOJP.ui">
      <Filter>Form Files</Filter>
    </QtUic>
    <QtUic Include="src\UIMO2ViewFile.ui">
      <Filter>Form Files</Filter>
    </QtUic>
    <QtUic Include="src\UIMO2ViewMarge.ui">
      <Filter>Form Files</Filter>
    </QtUic>
  </ItemGroup>
  <ItemGroup>
    <None Include="..\Main\src\icon\MO 2 - Blue.ico">
      <Filter>Resource Files</Filter>
    </None>
    <None Include="..\Main\src\icon\Settings-02-256.png">
      <Filter>Resource Files</Filter>
    </None>
    <None Include="..\Main\src\icon\Template.svg">
      <Filter>Resource Files</Filter>
    </None>
    <None Include="..\Main\src\Fallout 4\TranslatorType.txt">
      <Filter>Resource Files</Filter>
    </None>
    <None Include="..\Main\src\Fallout New Vegas\TranslatorType.txt">
      <Filter>Resource Files</Filter>
    </None>
    <None Include="..\Main\src\Skyrim Special Edition\TranslatorType.txt">
      <Filter>Resource Files</Filter>
    </None>
    <None Include="..\Main\src\icon\VaultGirlAlternate.ico">
      <Filter>Resource Files</Filter>
    </None>
    <None Include="..\Main\src\icon\editor.png">
      <Filter>Resource Files</Filter>
    </None>
    <None Include="..\Main\src\icon\icon_159120_16.png">
      <Filter>Resource Files</Filter>
    </None>
    <None Include="..\Main\src\icon\info.png">
      <Filter>Resource Files</Filter>
    </None>
    <None Include="..\Main\src\icon\info2.png">
      <Filter>Resource Files</Filter>
    </None>
    <None Include="..\Main\src\icon\internet.png">
      <Filter>Resource Files</Filter>
    </None>
    <None Include="..\Main\src\icon\localize.png">
      <Filter>Resource Files</Filter>
    </None>
    <None Include="..\Main\src\icon\minus.png">
      <Filter>Resource Files</Filter>
    </None>
    <None Include="..\Main\src\icon\plus.png">
      <Filter>Resource Files</Filter>
    </None>
    <None Include="..\Main\src\icon\reload.png">
      <Filter>Resource Files</Filter>
    </None>
    <QtRcc Include="..\Main\src\res.qrc">
      <Filter>Resource Files</Filter>
    </QtRcc>
    <None Include="..\Main\src\icon\settings.png">
      <Filter>Resource Files</Filter>
    </None>
    <None Include="..\Main\src\icon\settings2.png">
      <Filter>Resource Files</Filter>
    </None>
    <None Include="..\Main\src\style.qss">
      <Filter>Resource Files</Filter>
    </None>
  </ItemGroup>
  <ItemGroup>
    <QtMoc Include="src\MO2FileTreeView.h">
      <Filter>Source Files</Filter>
    </QtMoc>
  </ItemGroup>
  <ItemGroup>
    <ClInclude Include="src\TreeViewBuild.h">
      <Filter>Source Files</Filter>
    </ClInclude>
  </ItemGroup>
</Project>